{
  "id": "/subscriptions/60e71b17-18b8-44ea-82ef-4e383e71d98a/resourceGroups/felixcorderojr_group/providers/Microsoft.Web/sites/felixcorderojr",
  "name": "felixcorderojr",
  "type": "Microsoft.Web/sites",
  "kind": "app,linux",
  "location": "Central US",
  "properties": {
      "name": "felixcorderojr",
      "state": "Running",
      "hostNames": [
          "felixcorderojr.azurewebsites.net"
      ],
      "webSpace": "felixcorderojr_group-CentralUSwebspace-Linux",
      "selfLink": "https://waws-prod-dm1-291.api.azurewebsites.windows.net:454/subscriptions/60e71b17-18b8-44ea-82ef-4e383e71d98a/webspaces/felixcorderojr_group-CentralUSwebspace-Linux/sites/felixcorderojr",
      "repositorySiteName": "felixcorderojr",
      "owner": null,
      "usageState": 0,
      "enabled": true,
      "adminEnabled": true,
      "enabledHostNames": [
          "felixcorderojr.azurewebsites.net",
          "felixcorderojr.scm.azurewebsites.net"
      ],
      "siteProperties": {
          "metadata": null,
          "properties": [
              {
                  "name": "LinuxFxVersion",
                  "value": "NODE|16-lts"
              },
              {
                  "name": "WindowsFxVersion",
                  "value": null
              }
          ],
          "appSettings": null
      },
      "availabilityState": 0,
      "sslCertificates": null,
      "csrs": [],
      "cers": null,
      "siteMode": null,
      "hostNameSslStates": [
          {
              "name": "felixcorderojr.azurewebsites.net",
              "sslState": 0,
              "ipBasedSslResult": null,
              "virtualIP": null,
              "thumbprint": null,
              "toUpdate": null,
              "toUpdateIpBasedSsl": null,
              "ipBasedSslState": 0,
              "hostType": 0
          },
          {
              "name": "felixcorderojr.scm.azurewebsites.net",
              "sslState": 0,
              "ipBasedSslResult": null,
              "virtualIP": null,
              "thumbprint": null,
              "toUpdate": null,
              "toUpdateIpBasedSsl": null,
              "ipBasedSslState": 0,
              "hostType": 1
          }
      ],
      "computeMode": null,
      "serverFarm": null,
      "serverFarmId": "/subscriptions/60e71b17-18b8-44ea-82ef-4e383e71d98a/resourceGroups/felixcorderojr_group/providers/Microsoft.Web/serverfarms/ASP-felixcorderojrgroup-b6eb",
      "reserved": true,
      "isXenon": false,
      "hyperV": false,
      "lastModifiedTimeUtc": "2022-11-29T13:50:45",
      "storageRecoveryDefaultState": "Running",
      "contentAvailabilityState": 0,
      "runtimeAvailabilityState": 0,
      "vnetRouteAllEnabled": false,
      "containerAllocationSubnet": null,
      "useContainerLocalhostBindings": null,
      "vnetImagePullEnabled": false,
      "vnetContentShareEnabled": false,
      "siteConfig": {
          "numberOfWorkers": 1,
          "defaultDocuments": null,
          "netFrameworkVersion": null,
          "phpVersion": null,
          "pythonVersion": null,
          "nodeVersion": null,
          "powerShellVersion": null,
          "linuxFxVersion": "NODE|16-lts",
          "windowsFxVersion": null,
          "requestTracingEnabled": null,
          "remoteDebuggingEnabled": null,
          "remoteDebuggingVersion": null,
          "httpLoggingEnabled": null,
          "azureMonitorLogCategories": null,
          "acrUseManagedIdentityCreds": false,
          "acrUserManagedIdentityID": null,
          "logsDirectorySizeLimit": null,
          "detailedErrorLoggingEnabled": null,
          "publishingUsername": null,
          "publishingPassword": null,
          "appSettings": null,
          "metadata": null,
          "connectionStrings": null,
          "machineKey": null,
          "handlerMappings": null,
          "documentRoot": null,
          "scmType": null,
          "use32BitWorkerProcess": null,
          "webSocketsEnabled": null,
          "alwaysOn": false,
          "javaVersion": null,
          "javaContainer": null,
          "javaContainerVersion": null,
          "appCommandLine": null,
          "managedPipelineMode": null,
          "virtualApplications": null,
          "winAuthAdminState": null,
          "winAuthTenantState": null,
          "customAppPoolIdentityAdminState": null,
          "customAppPoolIdentityTenantState": null,
          "runtimeADUser": null,
          "runtimeADUserPassword": null,
          "loadBalancing": null,
          "routingRules": null,
          "experiments": null,
          "limits": null,
          "autoHealEnabled": null,
          "autoHealRules": null,
          "tracingOptions": null,
          "vnetName": null,
          "vnetRouteAllEnabled": null,
          "vnetPrivatePortsCount": null,
          "publicNetworkAccess": null,
          "cors": null,
          "push": null,
          "apiDefinition": null,
          "apiManagementConfig": null,
          "autoSwapSlotName": null,
          "localMySqlEnabled": null,
          "managedServiceIdentityId": null,
          "xManagedServiceIdentityId": null,
          "keyVaultReferenceIdentity": null,
          "ipSecurityRestrictions": null,
          "ipSecurityRestrictionsDefaultAction": null,
          "scmIpSecurityRestrictions": null,
          "scmIpSecurityRestrictionsDefaultAction": null,
          "scmIpSecurityRestrictionsUseMain": null,
          "http20Enabled": false,
          "minTlsVersion": null,
          "minTlsCipherSuite": null,
          "supportedTlsCipherSuites": null,
          "scmMinTlsVersion": null,
          "ftpsState": null,
          "preWarmedInstanceCount": null,
          "functionAppScaleLimit": 0,
          "elasticWebAppScaleLimit": null,
          "healthCheckPath": null,
          "fileChangeAuditEnabled": null,
          "functionsRuntimeScaleMonitoringEnabled": null,
          "websiteTimeZone": null,
          "minimumElasticInstanceCount": 0,
          "azureStorageAccounts": null,
          "http20ProxyFlag": null,
          "sitePort": null,
          "antivirusScanEnabled": null,
          "storageType": null
      },
      "deploymentId": "felixcorderojr",
      "slotName": null,
      "trafficManagerHostNames": null,
      "sku": "Free",
      "scmSiteAlsoStopped": false,
      "targetSwapSlot": null,
      "hostingEnvironment": null,
      "hostingEnvironmentProfile": null,
      "clientAffinityEnabled": false,
      "clientCertEnabled": false,
      "clientCertMode": 0,
      "clientCertExclusionPaths": null,
      "hostNamesDisabled": false,
      "domainVerificationIdentifiers": null,
      "customDomainVerificationId": "E04C2FABFB0BDCDAC7BE751468B5C5860874099759FD795B62C43C0C4E746BE1",
      "kind": "app,linux",
      "inboundIpAddress": "20.118.40.5",
      "possibleInboundIpAddresses": "20.118.40.5",
      "ftpUsername": "felixcorderojr\\$felixcorderojr",
      "ftpsHostName": "ftps://waws-prod-dm1-291.ftp.azurewebsites.windows.net/site/wwwroot",
      "outboundIpAddresses": "20.221.8.164,20.221.8.255,20.221.9.12,20.221.9.96,20.221.9.130,20.221.9.132,20.118.40.5",
      "possibleOutboundIpAddresses": "20.221.8.164,20.221.8.255,20.221.9.12,20.221.9.96,20.221.9.130,20.221.9.132,20.221.9.138,20.221.9.149,20.221.9.161,20.221.9.167,20.221.9.180,20.221.9.184,20.221.9.190,20.221.9.194,20.221.9.201,20.221.9.206,20.221.9.210,20.221.9.215,20.221.9.230,20.221.9.234,20.221.9.236,20.221.9.249,20.221.10.8,20.221.10.33,20.118.40.5",
      "containerSize": 0,
      "dailyMemoryTimeQuota": 0,
      "suspendedTill": null,
      "siteDisabledReason": 0,
      "functionExecutionUnitsCache": null,
      "maxNumberOfWorkers": null,
      "homeStamp": "waws-prod-dm1-291",
      "cloningInfo": null,
      "hostingEnvironmentId": null,
      "tags": null,
      "resourceGroup": "felixcorderojr_group",
      "defaultHostName": "felixcorderojr.azurewebsites.net",
      "slotSwapStatus": null,
      "httpsOnly": true,
      "redundancyMode": 0,
      "inProgressOperationId": null,
      "geoDistributions": null,
      "privateEndpointConnections": [],
      "publicNetworkAccess": null,
      "buildVersion": null,
      "targetBuildVersion": null,
      "migrationState": null,
      "eligibleLogCategories": "AppServiceAppLogs,AppServiceAuditLogs,AppServiceConsoleLogs,AppServiceHTTPLogs,AppServiceIPSecAuditLogs,AppServicePlatformLogs,ScanLogs",
      "storageAccountRequired": false,
      "virtualNetworkSubnetId": null,
      "keyVaultReferenceIdentity": "SystemAssigned",
      "privateLinkIdentifiers": null
  },
  "identity": {
      "type": "SystemAssigned",
      "tenantId": "5779bf03-269d-434e-8ae0-2a6fb635f481",
      "principalId": "a77d3d6e-6fb7-4e02-998d-36a6dd159ad0"
  }
}